{"filter":false,"title":"package-lock.json","tooltip":"/package-lock.json","undoManager":{"mark":-1,"position":-1,"stack":[]},"ace":{"folds":[],"scrolltop":17723.1875,"scrollleft":0,"selection":{"start":{"row":1339,"column":9},"end":{"row":1339,"column":15},"isBackwards":false},"options":{"guessTabSize":true,"useWrapMode":false,"wrapToView":true},"firstLineState":{"row":1328,"state":"start","mode":"ace/mode/json"}},"timestamp":1559732418586,"hash":"f17f51acbf4b5fc7d3c6a690432f70936cb087ea"}